# This file is automatically @generated by Cargo.
# It is not intended for manual editing.
version = 3

[[package]]
name = "acridotheres"
version = "0.1.0"
dependencies = [
 "acridotheres-core",
]

[[package]]
name = "acridotheres-core"
version = "0.1.0"
source = "git+https://github.com/acridotheres/core.git?branch=main#b24c3879e8aeea3c646ef34f59a7d6043ca8ac5d"
